// !$*UTF8*$!
{
	archiveVersion = 1;
	classes = {
	};
	objectVersion = 46;
	objects = {

/* Begin PBXBuildFile section */
		FAA8E17E1D2B191D009D4091 /* DULine.cp in Sources */ = {isa = PBXBuildFile; fileRef = FAA8E1791D2B191D009D4091 /* DULine.cp */; };
		FAA8E17F1D2B191D009D4091 /* DUPoint.cp in Sources */ = {isa = PBXBuildFile; fileRef = FAA8E17B1D2B191D009D4091 /* DUPoint.cp */; };
		FAA8E1801D2B191D009D4091 /* testDriveOverload.cp in Sources */ = {isa = PBXBuildFile; fileRef = FAA8E17D1D2B191D009D4091 /* testDriveOverload.cp */; };
/* End PBXBuildFile section */

/* Begin PBXCopyFilesBuildPhase section */
		FAA8E16D1D2B1811009D4091 /* CopyFiles */ = {
			isa = PBXCopyFilesBuildPhase;
			buildActionMask = 2147483647;
			dstPath = /usr/share/man/man1/;
			dstSubfolderSpec = 0;
			files = (
			);
			runOnlyForDeploymentPostprocessing = 1;
		};
/* End PBXCopyFilesBuildPhase section */

/* Begin PBXFileReference section */
		FAA8E16F1D2B1811009D4091 /* Pre Lab 3 */ = {isa = PBXFileReference; explicitFileType = "compiled.mach-o.executable"; includeInIndex = 0; path = "Pre Lab 3"; sourceTree = BUILT_PRODUCTS_DIR; };
		FAA8E1791D2B191D009D4091 /* DULine.cp */ = {isa = PBXFileReference; fileEncoding = 4; lastKnownFileType = sourcecode.cpp.cpp; path = DULine.cp; sourceTree = "<group>"; };
		FAA8E17A1D2B191D009D4091 /* DULine.h */ = {isa = PBXFileReference; fileEncoding = 4; lastKnownFileType = sourcecode.c.h; path = DULine.h; sourceTree = "<group>"; };
		FAA8E17B1D2B191D009D4091 /* DUPoint.cp */ = {isa = PBXFileReference; fileEncoding = 4; lastKnownFileType = sourcecode.cpp.cpp; path = DUPoint.cp; sourceTree = "<group>"; };
		FAA8E17C1D2B191D009D4091 /* DUPoint.h */ = {isa = PBXFileReference; fileEncoding = 4; lastKnownFileType = sourcecode.c.h; path = DUPoint.h; sourceTree = "<group>"; };
		FAA8E17D1D2B191D009D4091 /* testDriveOverload.cp */ = {isa = PBXFileReference; fileEncoding = 4; lastKnownFileType = sourcecode.cpp.cpp; path = testDriveOverload.cp; sourceTree = "<group>"; };
/* End PBXFileReference section */

/* Begin PBXFrameworksBuildPhase section */
		FAA8E16C1D2B1811009D4091 /* Frameworks */ = {
			isa = PBXFrameworksBuildPhase;
			buildActionMask = 2147483647;
			files = (
			);
			runOnlyForDeploymentPostprocessing = 0;
		};
/* End PBXFrameworksBuildPhase section */

/* Begin PBXGroup section */
		FAA8E1661D2B1811009D4091 = {
			isa = PBXGroup;
			children = (
				FAA8E1711D2B1811009D4091 /* Pre Lab 3 */,
				FAA8E1701D2B1811009D4091 /* Products */,
			);
			sourceTree = "<group>";
		};
		FAA8E1701D2B1811009D4091 /* Products */ = {
			isa = PBXGroup;
			children = (
				FAA8E16F1D2B1811009D4091 /* Pre Lab 3 */,
			);
			name = Products;
			sourceTree = "<group>";
		};
		FAA8E1711D2B1811009D4091 /* Pre Lab 3 */ = {
			isa = PBXGroup;
			children = (
				FAA8E17A1D2B191D009D4091 /* DULine.h */,
				FAA8E1791D2B191D009D4091 /* DULine.cp */,
				FAA8E17B1D2B191D009D4091 /* DUPoint.cp */,
				FAA8E17C1D2B191D009D4091 /* DUPoint.h */,
				FAA8E17D1D2B191D009D4091 /* testDriveOverload.cp */,
			);
			path = "Pre Lab 3";
			sourceTree = "<group>";
		};
/* End PBXGroup section */

/* Begin PBXNativeTarget section */
		FAA8E16E1D2B1811009D4091 /* Pre Lab 3 */ = {
			isa = PBXNativeTarget;
			buildConfigurationList = FAA8E1761D2B1811009D4091 /* Build configuration list for PBXNativeTarget "Pre Lab 3" */;
			buildPhases = (
				FAA8E16B1D2B1811009D4091 /* Sources */,
				FAA8E16C1D2B1811009D4091 /* Frameworks */,
				FAA8E16D1D2B1811009D4091 /* CopyFiles */,
			);
			buildRules = (
			);
			dependencies = (
			);
			name = "Pre Lab 3";
			productName = "Pre Lab 3";
			productReference = FAA8E16F1D2B1811009D4091 /* Pre Lab 3 */;
			productType = "com.apple.product-type.tool";
		};
/* End PBXNativeTarget section */

/* Begin PBXProject section */
		FAA8E1671D2B1811009D4091 /* Project object */ = {
			isa = PBXProject;
			attributes = {
				LastUpgradeCheck = 0730;
				ORGANIZATIONNAME = "Joseph Mulray";
				TargetAttributes = {
					FAA8E16E1D2B1811009D4091 = {
						CreatedOnToolsVersion = 7.3.1;
					};
				};
			};
			buildConfigurationList = FAA8E16A1D2B1811009D4091 /* Build configuration list for PBXProject "Pre Lab 3" */;
			compatibilityVersion = "Xcode 3.2";
			developmentRegion = English;
			hasScannedForEncodings = 0;
			knownRegions = (
				en,
			);
			mainGroup = FAA8E1661D2B1811009D4091;
			productRefGroup = FAA8E1701D2B1811009D4091 /* Products */;
			projectDirPath = "";
			projectRoot = "";
			targets = (
				FAA8E16E1D2B1811009D4091 /* Pre Lab 3 */,
			);
		};
/* End PBXProject section */

/* Begin PBXSourcesBuildPhase section */
		FAA8E16B1D2B1811009D4091 /* Sources */ = {
			isa = PBXSourcesBuildPhase;
			buildActionMask = 2147483647;
			files = (
				FAA8E17F1D2B191D009D4091 /* DUPoint.cp in Sources */,
				FAA8E17E1D2B191D009D4091 /* DULine.cp in Sources */,
				FAA8E1801D2B191D009D4091 /* testDriveOverload.cp in Sources */,
			);
			runOnlyForDeploymentPostprocessing = 0;
		};
/* End PBXSourcesBuildPhase section */

/* Begin XCBuildConfiguration section */
		FAA8E1741D2B1811009D4091 /* Debug */ = {
			isa = XCBuildConfiguration;
			buildSettings = {
				ALWAYS_SEARCH_USER_PATHS = NO;
				CLANG_ANALYZER_NONNULL = YES;
				CLANG_CXX_LANGUAGE_STANDARD = "gnu++0x";
				CLANG_CXX_LIBRARY = "libc++";
				CLANG_ENABLE_MODULES = YES;
				CLANG_ENABLE_OBJC_ARC = YES;
				CLANG_WARN_BOOL_CONVERSION = YES;
				CLANG_WARN_CONSTANT_CONVERSION = YES;
				CLANG_WARN_DIRECT_OBJC_ISA_USAGE = YES_ERROR;
				CLANG_WARN_EMPTY_BODY = YES;
				CLANG_WARN_ENUM_CONVERSION = YES;
				CLANG_WARN_INT_CONVERSION = YES;
				CLANG_WARN_OBJC_ROOT_CLASS = YES_ERROR;
				CLANG_WARN_UNREACHABLE_CODE = YES;
				CLANG_WARN__DUPLICATE_METHOD_MATCH = YES;
				CODE_SIGN_IDENTITY = "-";
				COPY_PHASE_STRIP = NO;
				DEBUG_INFORMATION_FORMAT = dwarf;
				ENABLE_STRICT_OBJC_MSGSEND = YES;
				ENABLE_TESTABILITY = YES;
				GCC_C_LANGUAGE_STANDARD = gnu99;
				GCC_DYNAMIC_NO_PIC = NO;
				GCC_NO_COMMON_BLOCKS = YES;
				GCC_OPTIMIZATION_LEVEL = 0;
				GCC_PREPROCESSOR_DEFINITIONS = (
					"DEBUG=1",
					"$(inherited)",
				);
				GCC_WARN_64_TO_32_BIT_CONVERSION = YES;
				GCC_WARN_ABOUT_RETURN_TYPE = YES_ERROR;
				GCC_WARN_UNDECLARED_SELECTOR = YES;
				GCC_WARN_UNINITIALIZED_AUTOS = YES_AGGRESSIVE;
				GCC_WARN_UNUSED_FUNCTION = YES;
				GCC_WARN_UNUSED_VARIABLE = YES;
				MACOSX_DEPLOYMENT_TARGET = 10.11;
				MTL_ENABLE_DEBUG_INFO = YES;
				ONLY_ACTIVE_ARCH = YES;
				SDKROOT = macosx;
			};
			name = Debug;
		};
		FAA8E1751D2B1811009D4091 /* Release */ = {
			isa = XCBuildConfiguration;
			buildSettings = {
				ALWAYS_SEARCH_USER_PATHS = NO;
				CLANG_ANALYZER_NONNULL = YES;
				CLANG_CXX_LANGUAGE_STANDARD = "gnu++0x";
				CLANG_CXX_LIBRARY = "libc++";
				CLANG_ENABLE_MODULES = YES;
				CLANG_ENABLE_OBJC_ARC = YES;
				CLANG_WARN_BOOL_CONVERSION = YES;
				CLANG_WARN_CONSTANT_CONVERSION = YES;
				CLANG_WARN_DIRECT_OBJC_ISA_USAGE = YES_ERROR;
				CLANG_WARN_EMPTY_BODY = YES;
				CLANG_WARN_ENUM_CONVERSION = YES;
				CLANG_WARN_INT_CONVERSION = YES;
				CLANG_WARN_OBJC_ROOT_CLASS = YES_ERROR;
				CLANG_WARN_UNREACHABLE_CODE = YES;
				CLANG_WARN__DUPLICATE_METHOD_MATCH = YES;
				CODE_SIGN_IDENTITY = "-";
				COPY_PHASE_STRIP = NO;
				DEBUG_INFORMATION_FORMAT = "dwarf-with-dsym";
				ENABLE_NS_ASSERTIONS = NO;
				ENABLE_STRICT_OBJC_MSGSEND = YES;
				GCC_C_LANGUAGE_STANDARD = gnu99;
				GCC_NO_COMMON_BLOCKS = YES;
				GCC_WARN_64_TO_32_BIT_CONVERSION = YES;
				GCC_WARN_ABOUT_RETURN_TYPE = YES_ERROR;
				GCC_WARN_UNDECLARED_SELECTOR = YES;
				GCC_WARN_UNINITIALIZED_AUTOS = YES_AGGRESSIVE;
				GCC_WARN_UNUSED_FUNCTION = YES;
				GCC_WARN_UNUSED_VARIABLE = YES;
				MACOSX_DEPLOYMENT_TARGET = 10.11;
				MTL_ENABLE_DEBUG_INFO = NO;
				SDKROOT = macosx;
			};
			name = Release;
		};
		FAA8E1771D2B1811009D4091 /* Debug */ = {
			isa = XCBuildConfiguration;
			buildSettings = {
				PRODUCT_NAME = "$(TARGET_NAME)";
			};
			name = Debug;
		};
		FAA8E1781D2B1811009D4091 /* Release */ = {
			isa = XCBuildConfiguration;
			buildSettings = {
				PRODUCT_NAME = "$(TARGET_NAME)";
			};
			name = Release;
		};
/* End XCBuildConfiguration section */

/* Begin XCConfigurationList section */
		FAA8E16A1D2B1811009D4091 /* Build configuration list for PBXProject "Pre Lab 3" */ = {
			isa = XCConfigurationList;
			buildConfigurations = (
				FAA8E1741D2B1811009D4091 /* Debug */,
				FAA8E1751D2B1811009D4091 /* Release */,
			);
			defaultConfigurationIsVisible = 0;
			defaultConfigurationName = Release;
		};
		FAA8E1761D2B1811009D4091 /* Build configuration list for PBXNativeTarget "Pre Lab 3" */ = {
			isa = XCConfigurationList;
			buildConfigurations = (
				FAA8E1771D2B1811009D4091 /* Debug */,
				FAA8E1781D2B1811009D4091 /* Release */,
			);
			defaultConfigurationIsVisible = 0;
			defaultConfigurationName = Release;
		};
/* End XCConfigurationList section */
	};
	rootObject = FAA8E1671D2B1811009D4091 /* Project object */;
}
